
Microsoft Visual Studio Solution File, Format Version 12.00
# Visual Studio Version 17
VisualStudioVersion = 17.11.35312.102
MinimumVisualStudioVersion = 10.0.40219.1
Project("{FAE04EC0-301F-11D3-BF4B-00C04F79EFBC}") = "BaiThucHanh2", "BaiThucHanh2\BaiThucHanh2.csproj", "{5C61F077-C7CB-4DB8-97EE-E974B6017151}"
EndProject
Global
	GlobalSection(SolutionConfigurationPlatforms) = preSolution
		Debug|Any CPU = Debug|Any CPU
		Release|Any CPU = Release|Any CPU
	EndGlobalSection
	GlobalSection(ProjectConfigurationPlatforms) = postSolution
		{5C61F077-C7CB-4DB8-97EE-E974B6017151}.Debug|Any CPU.ActiveCfg = Debug|Any CPU
		{5C61F077-C7CB-4DB8-97EE-E974B6017151}.Debug|Any CPU.Build.0 = Debug|Any CPU
		{5C61F077-C7CB-4DB8-97EE-E974B6017151}.Release|Any CPU.ActiveCfg = Release|Any CPU
		{5C61F077-C7CB-4DB8-97EE-E974B6017151}.Release|Any CPU.Build.0 = Release|Any CPU
	EndGlobalSection
	GlobalSection(SolutionProperties) = preSolution
		HideSolutionNode = FALSE
	EndGlobalSection
	GlobalSection(ExtensibilityGlobals) = postSolution
		SolutionGuid = {B0459CB4-2A35-4A2E-BF1C-1B45D70AFD46}
	EndGlobalSection
EndGlobal
